
Microsoft Visual Studio Solution File, Format Version 12.00
# Visual Studio Version 17
VisualStudioVersion = 17.1.32228.430
MinimumVisualStudioVersion = 10.0.40219.1
Project("{FAE04EC0-301F-11D3-BF4B-00C04F79EFBC}") = "ResponsiPemrograman4429", "ResponsiPemrograman4429\ResponsiPemrograman4429.csproj", "{D004E1CD-D6AF-471D-A716-122C4F63736A}"
EndProject
Global
	GlobalSection(SolutionConfigurationPlatforms) = preSolution
		Debug|Any CPU = Debug|Any CPU
		Release|Any CPU = Release|Any CPU
	EndGlobalSection
	GlobalSection(ProjectConfigurationPlatforms) = postSolution
		{D004E1CD-D6AF-471D-A716-122C4F63736A}.Debug|Any CPU.ActiveCfg = Debug|Any CPU
		{D004E1CD-D6AF-471D-A716-122C4F63736A}.Debug|Any CPU.Build.0 = Debug|Any CPU
		{D004E1CD-D6AF-471D-A716-122C4F63736A}.Release|Any CPU.ActiveCfg = Release|Any CPU
		{D004E1CD-D6AF-471D-A716-122C4F63736A}.Release|Any CPU.Build.0 = Release|Any CPU
	EndGlobalSection
	GlobalSection(SolutionProperties) = preSolution
		HideSolutionNode = FALSE
	EndGlobalSection
	GlobalSection(ExtensibilityGlobals) = postSolution
		SolutionGuid = {38C0F324-A8BB-42A4-9B91-2F54EF7E8B30}
	EndGlobalSection
EndGlobal
